
Microsoft Visual Studio Solution File, Format Version 12.00
# Visual Studio Version 17
VisualStudioVersion = 17.11.35327.3
MinimumVisualStudioVersion = 10.0.40219.1
Project("{FAE04EC0-301F-11D3-BF4B-00C04F79EFBC}") = "ConsoleApp22", "ConsoleApp22\ConsoleApp22.csproj", "{ED960022-FC75-4660-B54C-7426EA7371B6}"
EndProject
Global
	GlobalSection(SolutionConfigurationPlatforms) = preSolution
		Debug|Any CPU = Debug|Any CPU
		Release|Any CPU = Release|Any CPU
	EndGlobalSection
	GlobalSection(ProjectConfigurationPlatforms) = postSolution
		{ED960022-FC75-4660-B54C-7426EA7371B6}.Debug|Any CPU.ActiveCfg = Debug|Any CPU
		{ED960022-FC75-4660-B54C-7426EA7371B6}.Debug|Any CPU.Build.0 = Debug|Any CPU
		{ED960022-FC75-4660-B54C-7426EA7371B6}.Release|Any CPU.ActiveCfg = Release|Any CPU
		{ED960022-FC75-4660-B54C-7426EA7371B6}.Release|Any CPU.Build.0 = Release|Any CPU
	EndGlobalSection
	GlobalSection(SolutionProperties) = preSolution
		HideSolutionNode = FALSE
	EndGlobalSection
	GlobalSection(ExtensibilityGlobals) = postSolution
		SolutionGuid = {A6736EF9-C1EF-480D-9AB2-674F42035672}
	EndGlobalSection
EndGlobal
