
Microsoft Visual Studio Solution File, Format Version 12.00
# Visual Studio Version 17
VisualStudioVersion = 17.11.35327.3
MinimumVisualStudioVersion = 10.0.40219.1
Project("{FAE04EC0-301F-11D3-BF4B-00C04F79EFBC}") = "ConsoleApp21", "ConsoleApp21\ConsoleApp21.csproj", "{D5D4F871-FE22-45E3-A4F6-CC5FEE363257}"
EndProject
Global
	GlobalSection(SolutionConfigurationPlatforms) = preSolution
		Debug|Any CPU = Debug|Any CPU
		Release|Any CPU = Release|Any CPU
	EndGlobalSection
	GlobalSection(ProjectConfigurationPlatforms) = postSolution
		{D5D4F871-FE22-45E3-A4F6-CC5FEE363257}.Debug|Any CPU.ActiveCfg = Debug|Any CPU
		{D5D4F871-FE22-45E3-A4F6-CC5FEE363257}.Debug|Any CPU.Build.0 = Debug|Any CPU
		{D5D4F871-FE22-45E3-A4F6-CC5FEE363257}.Release|Any CPU.ActiveCfg = Release|Any CPU
		{D5D4F871-FE22-45E3-A4F6-CC5FEE363257}.Release|Any CPU.Build.0 = Release|Any CPU
	EndGlobalSection
	GlobalSection(SolutionProperties) = preSolution
		HideSolutionNode = FALSE
	EndGlobalSection
	GlobalSection(ExtensibilityGlobals) = postSolution
		SolutionGuid = {EDEC3F8F-5F64-4358-BA66-4A4F9578A1F5}
	EndGlobalSection
EndGlobal
